# This file is automatically @generated by Cargo.
# It is not intended for manual editing.
version = 4

[[package]]
name = "transitguard-api"
version = "0.1.0"

[[package]]
name = "transitguard-application"
version = "0.1.0"

[[package]]
name = "transitguard-config"
version = "0.1.0"

[[package]]
name = "transitguard-device-protocol"
version = "0.1.0"

[[package]]
name = "transitguard-domain"
version = "0.1.0"

[[package]]
name = "transitguard-fare-engine"
version = "0.1.0"

[[package]]
name = "transitguard-persistence"
version = "0.1.0"

[[package]]
name = "transitguard-reader-simulator"
version = "0.1.0"

[[package]]
name = "transitguard-reconciliation"
version = "0.1.0"

[[package]]
name = "transitguard-security"
version = "0.1.0"

[[package]]
name = "transitguard-telemetry"
version = "0.1.0"

[[package]]
name = "transitguard-worker"
version = "0.1.0"
